
Microsoft Visual Studio Solution File, Format Version 12.00
# Visual Studio Version 16
VisualStudioVersion = 16.0.30011.22
MinimumVisualStudioVersion = 10.0.40219.1
Project("{FAE04EC0-301F-11D3-BF4B-00C04F79EFBC}") = "Haceau.DataStruct", "Haceau.DataStruct\Haceau.DataStruct.csproj", "{B354EADF-42DD-4340-A039-00700C7DF3FF}"
EndProject
Project("{FAE04EC0-301F-11D3-BF4B-00C04F79EFBC}") = "Test", "Test\Test.csproj", "{199ECA7C-1B55-448D-87E9-337BEB0AEAE8}"
EndProject
Global
	GlobalSection(SolutionConfigurationPlatforms) = preSolution
		Debug|Any CPU = Debug|Any CPU
		Release|Any CPU = Release|Any CPU
	EndGlobalSection
	GlobalSection(ProjectConfigurationPlatforms) = postSolution
		{B354EADF-42DD-4340-A039-00700C7DF3FF}.Debug|Any CPU.ActiveCfg = Debug|Any CPU
		{B354EADF-42DD-4340-A039-00700C7DF3FF}.Debug|Any CPU.Build.0 = Debug|Any CPU
		{B354EADF-42DD-4340-A039-00700C7DF3FF}.Release|Any CPU.ActiveCfg = Release|Any CPU
		{B354EADF-42DD-4340-A039-00700C7DF3FF}.Release|Any CPU.Build.0 = Release|Any CPU
		{199ECA7C-1B55-448D-87E9-337BEB0AEAE8}.Debug|Any CPU.ActiveCfg = Debug|Any CPU
		{199ECA7C-1B55-448D-87E9-337BEB0AEAE8}.Debug|Any CPU.Build.0 = Debug|Any CPU
		{199ECA7C-1B55-448D-87E9-337BEB0AEAE8}.Release|Any CPU.ActiveCfg = Release|Any CPU
		{199ECA7C-1B55-448D-87E9-337BEB0AEAE8}.Release|Any CPU.Build.0 = Release|Any CPU
	EndGlobalSection
	GlobalSection(SolutionProperties) = preSolution
		HideSolutionNode = FALSE
	EndGlobalSection
	GlobalSection(ExtensibilityGlobals) = postSolution
		SolutionGuid = {954C050E-3F9E-4AA7-8A6C-C7BDAAED2EDD}
	EndGlobalSection
EndGlobal
